
Microsoft Visual Studio Solution File, Format Version 12.00
# Visual Studio Version 17
VisualStudioVersion = 17.0.32014.148
MinimumVisualStudioVersion = 10.0.40219.1
Project("{9A19103F-16F7-4668-BE54-9A1E7A4F7556}") = "WhileLoop", "While  - цикъл\WhileLoop.csproj", "{E165F6CF-4CA5-4AC5-A34C-6E43629430E2}"
EndProject
Project("{9A19103F-16F7-4668-BE54-9A1E7A4F7556}") = "01. Read Text", "01. Read Text\01. Read Text.csproj", "{E46B2A99-95D3-41C4-A018-8CC0347BC1D3}"
EndProject
Project("{9A19103F-16F7-4668-BE54-9A1E7A4F7556}") = "02. Password", "02. Password\02. Password.csproj", "{B83A4F6D-27DB-400D-92E0-B0D4F44C4B4A}"
EndProject
Project("{9A19103F-16F7-4668-BE54-9A1E7A4F7556}") = "02. Password To 3 Tries", "02. Password до 3 опита\02. Password To 3 Tries.csproj", "{B055B19F-D1AD-4E29-B314-F643904CD582}"
EndProject
Project("{9A19103F-16F7-4668-BE54-9A1E7A4F7556}") = "03. Sum Numbers", "03. Sum Numbers\03. Sum Numbers.csproj", "{6E1DFD4E-699D-4C03-B53D-2DFF0ADE6B49}"
EndProject
Project("{9A19103F-16F7-4668-BE54-9A1E7A4F7556}") = "05. Account Balance", "05. Account Balance\05. Account Balance.csproj", "{D9F08CC0-8C02-491A-BB7B-09EBF547070A}"
EndProject
Project("{9A19103F-16F7-4668-BE54-9A1E7A4F7556}") = "05. Account Balance with continue", "05. Account Balance with continue\05. Account Balance with continue.csproj", "{36790E30-0A93-41C5-9572-F54AAC1F4209}"
EndProject
Project("{9A19103F-16F7-4668-BE54-9A1E7A4F7556}") = "08. Graduation", "08. Graduation\08. Graduation.csproj", "{B2214A21-0152-41DB-9976-00D4E8770F84}"
EndProject
Project("{9A19103F-16F7-4668-BE54-9A1E7A4F7556}") = "04. Sequence 2k+1", "04. Sequence 2k+1\04. Sequence 2k+1.csproj", "{658BD3E6-E38B-4D66-896C-229FC7BFD61F}"
EndProject
Global
	GlobalSection(SolutionConfigurationPlatforms) = preSolution
		Debug|Any CPU = Debug|Any CPU
		Release|Any CPU = Release|Any CPU
	EndGlobalSection
	GlobalSection(ProjectConfigurationPlatforms) = postSolution
		{E165F6CF-4CA5-4AC5-A34C-6E43629430E2}.Debug|Any CPU.ActiveCfg = Debug|Any CPU
		{E165F6CF-4CA5-4AC5-A34C-6E43629430E2}.Debug|Any CPU.Build.0 = Debug|Any CPU
		{E165F6CF-4CA5-4AC5-A34C-6E43629430E2}.Release|Any CPU.ActiveCfg = Release|Any CPU
		{E165F6CF-4CA5-4AC5-A34C-6E43629430E2}.Release|Any CPU.Build.0 = Release|Any CPU
		{E46B2A99-95D3-41C4-A018-8CC0347BC1D3}.Debug|Any CPU.ActiveCfg = Debug|Any CPU
		{E46B2A99-95D3-41C4-A018-8CC0347BC1D3}.Debug|Any CPU.Build.0 = Debug|Any CPU
		{E46B2A99-95D3-41C4-A018-8CC0347BC1D3}.Release|Any CPU.ActiveCfg = Release|Any CPU
		{E46B2A99-95D3-41C4-A018-8CC0347BC1D3}.Release|Any CPU.Build.0 = Release|Any CPU
		{B83A4F6D-27DB-400D-92E0-B0D4F44C4B4A}.Debug|Any CPU.ActiveCfg = Debug|Any CPU
		{B83A4F6D-27DB-400D-92E0-B0D4F44C4B4A}.Debug|Any CPU.Build.0 = Debug|Any CPU
		{B83A4F6D-27DB-400D-92E0-B0D4F44C4B4A}.Release|Any CPU.ActiveCfg = Release|Any CPU
		{B83A4F6D-27DB-400D-92E0-B0D4F44C4B4A}.Release|Any CPU.Build.0 = Release|Any CPU
		{B055B19F-D1AD-4E29-B314-F643904CD582}.Debug|Any CPU.ActiveCfg = Debug|Any CPU
		{B055B19F-D1AD-4E29-B314-F643904CD582}.Debug|Any CPU.Build.0 = Debug|Any CPU
		{B055B19F-D1AD-4E29-B314-F643904CD582}.Release|Any CPU.ActiveCfg = Release|Any CPU
		{B055B19F-D1AD-4E29-B314-F643904CD582}.Release|Any CPU.Build.0 = Release|Any CPU
		{6E1DFD4E-699D-4C03-B53D-2DFF0ADE6B49}.Debug|Any CPU.ActiveCfg = Debug|Any CPU
		{6E1DFD4E-699D-4C03-B53D-2DFF0ADE6B49}.Debug|Any CPU.Build.0 = Debug|Any CPU
		{6E1DFD4E-699D-4C03-B53D-2DFF0ADE6B49}.Release|Any CPU.ActiveCfg = Release|Any CPU
		{6E1DFD4E-699D-4C03-B53D-2DFF0ADE6B49}.Release|Any CPU.Build.0 = Release|Any CPU
		{D9F08CC0-8C02-491A-BB7B-09EBF547070A}.Debug|Any CPU.ActiveCfg = Debug|Any CPU
		{D9F08CC0-8C02-491A-BB7B-09EBF547070A}.Debug|Any CPU.Build.0 = Debug|Any CPU
		{D9F08CC0-8C02-491A-BB7B-09EBF547070A}.Release|Any CPU.ActiveCfg = Release|Any CPU
		{D9F08CC0-8C02-491A-BB7B-09EBF547070A}.Release|Any CPU.Build.0 = Release|Any CPU
		{36790E30-0A93-41C5-9572-F54AAC1F4209}.Debug|Any CPU.ActiveCfg = Debug|Any CPU
		{36790E30-0A93-41C5-9572-F54AAC1F4209}.Debug|Any CPU.Build.0 = Debug|Any CPU
		{36790E30-0A93-41C5-9572-F54AAC1F4209}.Release|Any CPU.ActiveCfg = Release|Any CPU
		{36790E30-0A93-41C5-9572-F54AAC1F4209}.Release|Any CPU.Build.0 = Release|Any CPU
		{B2214A21-0152-41DB-9976-00D4E8770F84}.Debug|Any CPU.ActiveCfg = Debug|Any CPU
		{B2214A21-0152-41DB-9976-00D4E8770F84}.Debug|Any CPU.Build.0 = Debug|Any CPU
		{B2214A21-0152-41DB-9976-00D4E8770F84}.Release|Any CPU.ActiveCfg = Release|Any CPU
		{B2214A21-0152-41DB-9976-00D4E8770F84}.Release|Any CPU.Build.0 = Release|Any CPU
		{658BD3E6-E38B-4D66-896C-229FC7BFD61F}.Debug|Any CPU.ActiveCfg = Debug|Any CPU
		{658BD3E6-E38B-4D66-896C-229FC7BFD61F}.Debug|Any CPU.Build.0 = Debug|Any CPU
		{658BD3E6-E38B-4D66-896C-229FC7BFD61F}.Release|Any CPU.ActiveCfg = Release|Any CPU
		{658BD3E6-E38B-4D66-896C-229FC7BFD61F}.Release|Any CPU.Build.0 = Release|Any CPU
	EndGlobalSection
	GlobalSection(SolutionProperties) = preSolution
		HideSolutionNode = FALSE
	EndGlobalSection
	GlobalSection(ExtensibilityGlobals) = postSolution
		SolutionGuid = {DED4F8A1-5AA2-4F1C-817E-D54D655D46C4}
	EndGlobalSection
EndGlobal
